
Microsoft Visual Studio Solution File, Format Version 12.00
# Visual Studio 15
VisualStudioVersion = 15.0.26430.14
MinimumVisualStudioVersion = 10.0.40219.1
Project("{FAE04EC0-301F-11D3-BF4B-00C04F79EFBC}") = "01.SweetDessert", "01.SweetDessert\01.SweetDessert.csproj", "{242646B4-6591-44E3-BC2B-03B306C9F648}"
EndProject
Project("{FAE04EC0-301F-11D3-BF4B-00C04F79EFBC}") = "02.ArrayManipulator", "02.ArrayManipulator\02.ArrayManipulator.csproj", "{C6BF10E8-80B2-4BBF-B2E7-7DD153467407}"
EndProject
Global
	GlobalSection(SolutionConfigurationPlatforms) = preSolution
		Debug|Any CPU = Debug|Any CPU
		Release|Any CPU = Release|Any CPU
	EndGlobalSection
	GlobalSection(ProjectConfigurationPlatforms) = postSolution
		{242646B4-6591-44E3-BC2B-03B306C9F648}.Debug|Any CPU.ActiveCfg = Debug|Any CPU
		{242646B4-6591-44E3-BC2B-03B306C9F648}.Debug|Any CPU.Build.0 = Debug|Any CPU
		{242646B4-6591-44E3-BC2B-03B306C9F648}.Release|Any CPU.ActiveCfg = Release|Any CPU
		{242646B4-6591-44E3-BC2B-03B306C9F648}.Release|Any CPU.Build.0 = Release|Any CPU
		{C6BF10E8-80B2-4BBF-B2E7-7DD153467407}.Debug|Any CPU.ActiveCfg = Debug|Any CPU
		{C6BF10E8-80B2-4BBF-B2E7-7DD153467407}.Debug|Any CPU.Build.0 = Debug|Any CPU
		{C6BF10E8-80B2-4BBF-B2E7-7DD153467407}.Release|Any CPU.ActiveCfg = Release|Any CPU
		{C6BF10E8-80B2-4BBF-B2E7-7DD153467407}.Release|Any CPU.Build.0 = Release|Any CPU
	EndGlobalSection
	GlobalSection(SolutionProperties) = preSolution
		HideSolutionNode = FALSE
	EndGlobalSection
EndGlobal
