
Microsoft Visual Studio Solution File, Format Version 12.00
# Visual Studio 15
VisualStudioVersion = 15.0.26430.14
MinimumVisualStudioVersion = 10.0.40219.1
Project("{FAE04EC0-301F-11D3-BF4B-00C04F79EFBC}") = "01.Numbers", "01.Numbers\01.Numbers.csproj", "{D88D58C9-92F6-40B7-BF4F-80D621113930}"
EndProject
Project("{FAE04EC0-301F-11D3-BF4B-00C04F79EFBC}") = "02.SoftUniCoffeeOrders", "02.SoftUniCoffeeOrders\02.SoftUniCoffeeOrders.csproj", "{2B5DD798-28F7-4BA4-9FF9-C0233878D1B8}"
EndProject
Global
	GlobalSection(SolutionConfigurationPlatforms) = preSolution
		Debug|Any CPU = Debug|Any CPU
		Release|Any CPU = Release|Any CPU
	EndGlobalSection
	GlobalSection(ProjectConfigurationPlatforms) = postSolution
		{D88D58C9-92F6-40B7-BF4F-80D621113930}.Debug|Any CPU.ActiveCfg = Debug|Any CPU
		{D88D58C9-92F6-40B7-BF4F-80D621113930}.Debug|Any CPU.Build.0 = Debug|Any CPU
		{D88D58C9-92F6-40B7-BF4F-80D621113930}.Release|Any CPU.ActiveCfg = Release|Any CPU
		{D88D58C9-92F6-40B7-BF4F-80D621113930}.Release|Any CPU.Build.0 = Release|Any CPU
		{2B5DD798-28F7-4BA4-9FF9-C0233878D1B8}.Debug|Any CPU.ActiveCfg = Debug|Any CPU
		{2B5DD798-28F7-4BA4-9FF9-C0233878D1B8}.Debug|Any CPU.Build.0 = Debug|Any CPU
		{2B5DD798-28F7-4BA4-9FF9-C0233878D1B8}.Release|Any CPU.ActiveCfg = Release|Any CPU
		{2B5DD798-28F7-4BA4-9FF9-C0233878D1B8}.Release|Any CPU.Build.0 = Release|Any CPU
	EndGlobalSection
	GlobalSection(SolutionProperties) = preSolution
		HideSolutionNode = FALSE
	EndGlobalSection
EndGlobal
